
Microsoft Visual Studio Solution File, Format Version 12.00
# Visual Studio 14
VisualStudioVersion = 14.0.25420.1
MinimumVisualStudioVersion = 10.0.40219.1
Project("{8BC9CEB8-8B4A-11D0-8D11-00A0C91BC942}") = "Check_corr_gauss", "Check_corr_gauss.vcxproj", "{300A8F96-D2CC-427C-BBC8-6D21B79DC094}"
EndProject
Global
	GlobalSection(SolutionConfigurationPlatforms) = preSolution
		Debug|x64 = Debug|x64
		Debug|x86 = Debug|x86
		Release|x64 = Release|x64
		Release|x86 = Release|x86
	EndGlobalSection
	GlobalSection(ProjectConfigurationPlatforms) = postSolution
		{300A8F96-D2CC-427C-BBC8-6D21B79DC094}.Debug|x64.ActiveCfg = Debug|x64
		{300A8F96-D2CC-427C-BBC8-6D21B79DC094}.Debug|x64.Build.0 = Debug|x64
		{300A8F96-D2CC-427C-BBC8-6D21B79DC094}.Debug|x86.ActiveCfg = Debug|Win32
		{300A8F96-D2CC-427C-BBC8-6D21B79DC094}.Debug|x86.Build.0 = Debug|Win32
		{300A8F96-D2CC-427C-BBC8-6D21B79DC094}.Release|x64.ActiveCfg = Release|x64
		{300A8F96-D2CC-427C-BBC8-6D21B79DC094}.Release|x64.Build.0 = Release|x64
		{300A8F96-D2CC-427C-BBC8-6D21B79DC094}.Release|x86.ActiveCfg = Release|Win32
		{300A8F96-D2CC-427C-BBC8-6D21B79DC094}.Release|x86.Build.0 = Release|Win32
	EndGlobalSection
	GlobalSection(SolutionProperties) = preSolution
		HideSolutionNode = FALSE
	EndGlobalSection
EndGlobal
